
Microsoft Visual Studio Solution File, Format Version 12.00
# Visual Studio Version 17
VisualStudioVersion = 17.7.34018.315
MinimumVisualStudioVersion = 10.0.40219.1
Project("{9A19103F-16F7-4668-BE54-9A1E7A4F7556}") = "Website_Sport", "Website_Sport\Website_Sport.csproj", "{C130309C-7A98-434A-86AF-EDBC5E95542B}"
EndProject
Project("{9A19103F-16F7-4668-BE54-9A1E7A4F7556}") = "WebByThanhNguyen", "WebByThanhNguyen\WebByThanhNguyen.csproj", "{0391F21E-4A1B-49AF-A2FE-0A9EDA9B7692}"
EndProject
Project("{FAE04EC0-301F-11D3-BF4B-00C04F79EFBC}") = "WebThanhCode", "WebThanhCode\WebThanhCode.csproj", "{96DD47E0-BFE0-4FBB-AEE0-6189BD1D83CA}"
EndProject
Global
	GlobalSection(SolutionConfigurationPlatforms) = preSolution
		Debug|Any CPU = Debug|Any CPU
		Release|Any CPU = Release|Any CPU
	EndGlobalSection
	GlobalSection(ProjectConfigurationPlatforms) = postSolution
		{C130309C-7A98-434A-86AF-EDBC5E95542B}.Debug|Any CPU.ActiveCfg = Debug|Any CPU
		{C130309C-7A98-434A-86AF-EDBC5E95542B}.Debug|Any CPU.Build.0 = Debug|Any CPU
		{C130309C-7A98-434A-86AF-EDBC5E95542B}.Release|Any CPU.ActiveCfg = Release|Any CPU
		{C130309C-7A98-434A-86AF-EDBC5E95542B}.Release|Any CPU.Build.0 = Release|Any CPU
		{0391F21E-4A1B-49AF-A2FE-0A9EDA9B7692}.Debug|Any CPU.ActiveCfg = Debug|Any CPU
		{0391F21E-4A1B-49AF-A2FE-0A9EDA9B7692}.Debug|Any CPU.Build.0 = Debug|Any CPU
		{0391F21E-4A1B-49AF-A2FE-0A9EDA9B7692}.Release|Any CPU.ActiveCfg = Release|Any CPU
		{0391F21E-4A1B-49AF-A2FE-0A9EDA9B7692}.Release|Any CPU.Build.0 = Release|Any CPU
		{96DD47E0-BFE0-4FBB-AEE0-6189BD1D83CA}.Debug|Any CPU.ActiveCfg = Debug|Any CPU
		{96DD47E0-BFE0-4FBB-AEE0-6189BD1D83CA}.Debug|Any CPU.Build.0 = Debug|Any CPU
		{96DD47E0-BFE0-4FBB-AEE0-6189BD1D83CA}.Release|Any CPU.ActiveCfg = Release|Any CPU
		{96DD47E0-BFE0-4FBB-AEE0-6189BD1D83CA}.Release|Any CPU.Build.0 = Release|Any CPU
	EndGlobalSection
	GlobalSection(SolutionProperties) = preSolution
		HideSolutionNode = FALSE
	EndGlobalSection
	GlobalSection(ExtensibilityGlobals) = postSolution
		SolutionGuid = {17741B69-7F21-45BB-A96B-ACC628CCEBE8}
	EndGlobalSection
EndGlobal
